
Microsoft Visual Studio Solution File, Format Version 12.00
# Visual Studio Version 17
VisualStudioVersion = 17.0.31903.59
MinimumVisualStudioVersion = 10.0.40219.1
Project("{FAE04EC0-301F-11D3-BF4B-00C04F79EFBC}") = "API", "API\API.csproj", "{5EE8DB1D-698E-4C9F-92B7-471962D7F121}"
EndProject
Project("{FAE04EC0-301F-11D3-BF4B-00C04F79EFBC}") = "Core", "Core\Core.csproj", "{486AF600-8BAD-4690-8C8D-D21D9D34053A}"
EndProject
Project("{FAE04EC0-301F-11D3-BF4B-00C04F79EFBC}") = "Infrastructure", "Infrastructure\Infrastructure.csproj", "{22889F05-C236-4C06-8E50-FE7CBC947426}"
EndProject
Global
	GlobalSection(SolutionConfigurationPlatforms) = preSolution
		Debug|Any CPU = Debug|Any CPU
		Release|Any CPU = Release|Any CPU
	EndGlobalSection
	GlobalSection(SolutionProperties) = preSolution
		HideSolutionNode = FALSE
	EndGlobalSection
	GlobalSection(ProjectConfigurationPlatforms) = postSolution
		{5EE8DB1D-698E-4C9F-92B7-471962D7F121}.Debug|Any CPU.ActiveCfg = Debug|Any CPU
		{5EE8DB1D-698E-4C9F-92B7-471962D7F121}.Debug|Any CPU.Build.0 = Debug|Any CPU
		{5EE8DB1D-698E-4C9F-92B7-471962D7F121}.Release|Any CPU.ActiveCfg = Release|Any CPU
		{5EE8DB1D-698E-4C9F-92B7-471962D7F121}.Release|Any CPU.Build.0 = Release|Any CPU
		{486AF600-8BAD-4690-8C8D-D21D9D34053A}.Debug|Any CPU.ActiveCfg = Debug|Any CPU
		{486AF600-8BAD-4690-8C8D-D21D9D34053A}.Debug|Any CPU.Build.0 = Debug|Any CPU
		{486AF600-8BAD-4690-8C8D-D21D9D34053A}.Release|Any CPU.ActiveCfg = Release|Any CPU
		{486AF600-8BAD-4690-8C8D-D21D9D34053A}.Release|Any CPU.Build.0 = Release|Any CPU
		{22889F05-C236-4C06-8E50-FE7CBC947426}.Debug|Any CPU.ActiveCfg = Debug|Any CPU
		{22889F05-C236-4C06-8E50-FE7CBC947426}.Debug|Any CPU.Build.0 = Debug|Any CPU
		{22889F05-C236-4C06-8E50-FE7CBC947426}.Release|Any CPU.ActiveCfg = Release|Any CPU
		{22889F05-C236-4C06-8E50-FE7CBC947426}.Release|Any CPU.Build.0 = Release|Any CPU
	EndGlobalSection
EndGlobal
